
Microsoft Visual Studio Solution File, Format Version 12.00
# Visual Studio Version 17
VisualStudioVersion = 17.1.32228.430
MinimumVisualStudioVersion = 10.0.40219.1
Project("{FAE04EC0-301F-11D3-BF4B-00C04F79EFBC}") = "Act4_Connected", "Act4_Connected\Act4_Connected.csproj", "{1224D0C7-202F-4A1F-91A8-A49343EC226B}"
EndProject
Global
	GlobalSection(SolutionConfigurationPlatforms) = preSolution
		Debug|Any CPU = Debug|Any CPU
		Release|Any CPU = Release|Any CPU
	EndGlobalSection
	GlobalSection(ProjectConfigurationPlatforms) = postSolution
		{1224D0C7-202F-4A1F-91A8-A49343EC226B}.Debug|Any CPU.ActiveCfg = Debug|Any CPU
		{1224D0C7-202F-4A1F-91A8-A49343EC226B}.Debug|Any CPU.Build.0 = Debug|Any CPU
		{1224D0C7-202F-4A1F-91A8-A49343EC226B}.Release|Any CPU.ActiveCfg = Release|Any CPU
		{1224D0C7-202F-4A1F-91A8-A49343EC226B}.Release|Any CPU.Build.0 = Release|Any CPU
	EndGlobalSection
	GlobalSection(SolutionProperties) = preSolution
		HideSolutionNode = FALSE
	EndGlobalSection
	GlobalSection(ExtensibilityGlobals) = postSolution
		SolutionGuid = {C4970DB1-7DAF-4284-9584-C3A5956AD608}
	EndGlobalSection
EndGlobal
